lockfileVersion: '6.0'

settings:
  autoInstallPeers: true
  excludeLinksFromLockfile: false

dependencies:
  marked:
    specifier: ^12.0.0
    version: 12.0.0

packages:

  /marked@12.0.0:
    resolution: {integrity: sha512-Vkwtq9rLqXryZnWaQc86+FHLC6tr/fycMfYAhiOIXkrNmeGAyhSxjqu0Rs1i0bBqw5u0S7+lV9fdH2ZSVaoa0w==}
    engines: {node: '>= 18'}
    hasBin: true
    dev: false
