lockfileVersion: '6.0'

settings:
  autoInstallPeers: true
  excludeLinksFromLockfile: false

dependencies:
  kuroshiro:
    specifier: ^1.2.0
    version: 1.2.0
  kuroshiro-analyzer-kuromoji:
    specifier: ^1.1.0
    version: 1.1.0
  marked:
    specifier: ^12.0.0
    version: 12.0.0

packages:

  /@babel/runtime@7.23.9:
    resolution: {integrity: sha512-0CX6F+BI2s9dkUqr08KFrAIZgNFj75rdBU/DjCyYLIaV/quFjkk6T+EJ2LkZHyZTbEV4L5p97mNkUsHl2wLFAw==}
    engines: {node: '>=6.9.0'}
    dependencies:
      regenerator-runtime: 0.14.1
    dev: false

  /async@2.6.4:
    resolution: {integrity: sha512-mzo5dfJYwAn29PeiJ0zvwTo04zj8HDJj0Mn8TD7sno7q12prdbnasKJHhkm2c1LgrhlJ0teaea8860oxi51mGA==}
    dependencies:
      lodash: 4.17.21
    dev: false

  /doublearray@0.0.2:
    resolution: {integrity: sha512-aw55FtZzT6AmiamEj2kvmR6BuFqvYgKZUkfQ7teqVRNqD5UE0rw8IeW/3gieHNKQ5sPuDKlljWEn4bzv5+1bHw==}
    dev: false

  /kuromoji@0.1.2:
    resolution: {integrity: sha512-V0dUf+C2LpcPEXhoHLMAop/bOht16Dyr+mDiIE39yX3vqau7p80De/koFqpiTcL1zzdZlc3xuHZ8u5gjYRfFaQ==}
    dependencies:
      async: 2.6.4
      doublearray: 0.0.2
      zlibjs: 0.3.1
    dev: false

  /kuroshiro-analyzer-kuromoji@1.1.0:
    resolution: {integrity: sha512-BSJFhpsQdPwfFLfjKxfLA9iL+/PC6LCR9vgwgb5Jc7jZwk9ilX8SAV6CwhAQZY611tiuhbB52ONYKDO8hgY1bA==}
    dependencies:
      kuromoji: 0.1.2
    dev: false

  /kuroshiro@1.2.0:
    resolution: {integrity: sha512-yBGCK9oDOY3LGZ/KXaN9m7ADcAuSczOR2FoMRYwHLUlis3/o/uxdMVROAjENFO0NQJgALhIdWxI/vIBVrMCk9w==}
    engines: {node: '>=6.5.0'}
    dependencies:
      '@babel/runtime': 7.23.9
    dev: false

  /lodash@4.17.21:
    resolution: {integrity: sha512-v2kDEe57lecTulaDIuNTPy3Ry4gLGJ6Z1O3vE1krgXZNrsQ+LFTGHVxVjcXPs17LhbZVGedAJv8XZ1tvj5FvSg==}
    dev: false

  /marked@12.0.0:
    resolution: {integrity: sha512-Vkwtq9rLqXryZnWaQc86+FHLC6tr/fycMfYAhiOIXkrNmeGAyhSxjqu0Rs1i0bBqw5u0S7+lV9fdH2ZSVaoa0w==}
    engines: {node: '>= 18'}
    hasBin: true
    dev: false

  /regenerator-runtime@0.14.1:
    resolution: {integrity: sha512-dYnhHh0nJoMfnkZs6GmmhFknAGRrLznOu5nc9ML+EJxGvrx6H7teuevqVqCuPcPK//3eDrrjQhehXVx9cnkGdw==}
    dev: false

  /zlibjs@0.3.1:
    resolution: {integrity: sha512-+J9RrgTKOmlxFSDHo0pI1xM6BLVUv+o0ZT9ANtCxGkjIVCCUdx9alUF8Gm+dGLKbkkkidWIHFDZHDMpfITt4+w==}
    dev: false
